
Microsoft Visual Studio Solution File, Format Version 12.00
# Visual Studio 15
VisualStudioVersion = 15.0.27130.2024
MinimumVisualStudioVersion = 10.0.40219.1
Project("{FAE04EC0-301F-11D3-BF4B-00C04F79EFBC}") = "Crud", "Crud\Crud.csproj", "{C8D80142-2FB4-4A61-83BA-B2927B24816C}"
EndProject
Global
	GlobalSection(SolutionConfigurationPlatforms) = preSolution
		Debug|Any CPU = Debug|Any CPU
		Release|Any CPU = Release|Any CPU
	EndGlobalSection
	GlobalSection(ProjectConfigurationPlatforms) = postSolution
		{C8D80142-2FB4-4A61-83BA-B2927B24816C}.Debug|Any CPU.ActiveCfg = Debug|Any CPU
		{C8D80142-2FB4-4A61-83BA-B2927B24816C}.Debug|Any CPU.Build.0 = Debug|Any CPU
		{C8D80142-2FB4-4A61-83BA-B2927B24816C}.Release|Any CPU.ActiveCfg = Release|Any CPU
		{C8D80142-2FB4-4A61-83BA-B2927B24816C}.Release|Any CPU.Build.0 = Release|Any CPU
	EndGlobalSection
	GlobalSection(SolutionProperties) = preSolution
		HideSolutionNode = FALSE
	EndGlobalSection
	GlobalSection(ExtensibilityGlobals) = postSolution
		SolutionGuid = {C64A2248-F670-42A1-A3BB-AE8E36200B35}
	EndGlobalSection
EndGlobal
